
Microsoft Visual Studio Solution File, Format Version 12.00
# Visual Studio Version 16
VisualStudioVersion = 16.0.31321.278
MinimumVisualStudioVersion = 10.0.40219.1
Project("{FAE04EC0-301F-11D3-BF4B-00C04F79EFBC}") = "LabD01API", "LabD01API\LabD01API.csproj", "{C7FF6276-8627-4C95-9951-E4721457E44B}"
EndProject
Global
	GlobalSection(SolutionConfigurationPlatforms) = preSolution
		Debug|Any CPU = Debug|Any CPU
		Release|Any CPU = Release|Any CPU
	EndGlobalSection
	GlobalSection(ProjectConfigurationPlatforms) = postSolution
		{C7FF6276-8627-4C95-9951-E4721457E44B}.Debug|Any CPU.ActiveCfg = Debug|Any CPU
		{C7FF6276-8627-4C95-9951-E4721457E44B}.Debug|Any CPU.Build.0 = Debug|Any CPU
		{C7FF6276-8627-4C95-9951-E4721457E44B}.Release|Any CPU.ActiveCfg = Release|Any CPU
		{C7FF6276-8627-4C95-9951-E4721457E44B}.Release|Any CPU.Build.0 = Release|Any CPU
	EndGlobalSection
	GlobalSection(SolutionProperties) = preSolution
		HideSolutionNode = FALSE
	EndGlobalSection
	GlobalSection(ExtensibilityGlobals) = postSolution
		SolutionGuid = {6F369075-53C3-4D4C-AA66-6B7939528411}
	EndGlobalSection
EndGlobal
